
Microsoft Visual Studio Solution File, Format Version 12.00
# Visual Studio 15
VisualStudioVersion = 15.0.27906.1
MinimumVisualStudioVersion = 10.0.40219.1
Project("{2150E333-8FDC-42A3-9474-1A3956D46DE8}") = "Server", "Server", "{96EF4836-ED69-449F-892C-7F7BD2110F97}"
EndProject
Project("{FAE04EC0-301F-11D3-BF4B-00C04F79EFBC}") = "Zu1779.AGE.WindowsService", "Zu1779.AGE.WindowsService\Zu1779.AGE.WindowsService.csproj", "{F5AC0F98-FE2F-41D1-AC97-C4F748405BC2}"
EndProject
Project("{9A19103F-16F7-4668-BE54-9A1E7A4F7556}") = "Zu1779.AGE.MainEngine", "Zu1779.AGE.MainEngine\Zu1779.AGE.MainEngine.csproj", "{2E25D648-1E06-4607-9BDF-BADA15409DA3}"
EndProject
Project("{FAE04EC0-301F-11D3-BF4B-00C04F79EFBC}") = "Zu1779.AGE.Wcf", "Zu1779.AGE.Wcf\Zu1779.AGE.Wcf.csproj", "{6BFAA397-01BB-4CFB-819C-D32A6125910E}"
EndProject
Project("{FAE04EC0-301F-11D3-BF4B-00C04F79EFBC}") = "Zu1779.AGE.TestServerConsoleApp", "Zu1779.AGE.TestServerConsoleApp\Zu1779.AGE.TestServerConsoleApp.csproj", "{FECA446C-430E-4D5B-8EAA-407E395D3133}"
EndProject
Global
	GlobalSection(SolutionConfigurationPlatforms) = preSolution
		Debug|Any CPU = Debug|Any CPU
		Release|Any CPU = Release|Any CPU
	EndGlobalSection
	GlobalSection(ProjectConfigurationPlatforms) = postSolution
		{F5AC0F98-FE2F-41D1-AC97-C4F748405BC2}.Debug|Any CPU.ActiveCfg = Debug|Any CPU
		{F5AC0F98-FE2F-41D1-AC97-C4F748405BC2}.Debug|Any CPU.Build.0 = Debug|Any CPU
		{F5AC0F98-FE2F-41D1-AC97-C4F748405BC2}.Release|Any CPU.ActiveCfg = Release|Any CPU
		{F5AC0F98-FE2F-41D1-AC97-C4F748405BC2}.Release|Any CPU.Build.0 = Release|Any CPU
		{2E25D648-1E06-4607-9BDF-BADA15409DA3}.Debug|Any CPU.ActiveCfg = Debug|Any CPU
		{2E25D648-1E06-4607-9BDF-BADA15409DA3}.Debug|Any CPU.Build.0 = Debug|Any CPU
		{2E25D648-1E06-4607-9BDF-BADA15409DA3}.Release|Any CPU.ActiveCfg = Release|Any CPU
		{2E25D648-1E06-4607-9BDF-BADA15409DA3}.Release|Any CPU.Build.0 = Release|Any CPU
		{6BFAA397-01BB-4CFB-819C-D32A6125910E}.Debug|Any CPU.ActiveCfg = Debug|Any CPU
		{6BFAA397-01BB-4CFB-819C-D32A6125910E}.Debug|Any CPU.Build.0 = Debug|Any CPU
		{6BFAA397-01BB-4CFB-819C-D32A6125910E}.Release|Any CPU.ActiveCfg = Release|Any CPU
		{6BFAA397-01BB-4CFB-819C-D32A6125910E}.Release|Any CPU.Build.0 = Release|Any CPU
		{FECA446C-430E-4D5B-8EAA-407E395D3133}.Debug|Any CPU.ActiveCfg = Debug|Any CPU
		{FECA446C-430E-4D5B-8EAA-407E395D3133}.Debug|Any CPU.Build.0 = Debug|Any CPU
		{FECA446C-430E-4D5B-8EAA-407E395D3133}.Release|Any CPU.ActiveCfg = Release|Any CPU
		{FECA446C-430E-4D5B-8EAA-407E395D3133}.Release|Any CPU.Build.0 = Release|Any CPU
	EndGlobalSection
	GlobalSection(SolutionProperties) = preSolution
		HideSolutionNode = FALSE
	EndGlobalSection
	GlobalSection(NestedProjects) = preSolution
		{F5AC0F98-FE2F-41D1-AC97-C4F748405BC2} = {96EF4836-ED69-449F-892C-7F7BD2110F97}
		{2E25D648-1E06-4607-9BDF-BADA15409DA3} = {96EF4836-ED69-449F-892C-7F7BD2110F97}
		{6BFAA397-01BB-4CFB-819C-D32A6125910E} = {96EF4836-ED69-449F-892C-7F7BD2110F97}
		{FECA446C-430E-4D5B-8EAA-407E395D3133} = {96EF4836-ED69-449F-892C-7F7BD2110F97}
	EndGlobalSection
	GlobalSection(ExtensibilityGlobals) = postSolution
		SolutionGuid = {A8F31017-3F06-40D6-A3B9-A784AD546E9B}
	EndGlobalSection
EndGlobal
