
Microsoft Visual Studio Solution File, Format Version 12.00
# Visual Studio 15
VisualStudioVersion = 15.0.27906.1
MinimumVisualStudioVersion = 10.0.40219.1
Project("{2150E333-8FDC-42A3-9474-1A3956D46DE8}") = "Server", "Server", "{96EF4836-ED69-449F-892C-7F7BD2110F97}"
EndProject
Project("{FAE04EC0-301F-11D3-BF4B-00C04F79EFBC}") = "Zu1779.AGE.WindowsService", "Zu1779.AGE.WindowsService\Zu1779.AGE.WindowsService.csproj", "{F5AC0F98-FE2F-41D1-AC97-C4F748405BC2}"
EndProject
Project("{FAE04EC0-301F-11D3-BF4B-00C04F79EFBC}") = "Zu1779.AGE.Wcf", "Zu1779.AGE.Wcf\Zu1779.AGE.Wcf.csproj", "{6BFAA397-01BB-4CFB-819C-D32A6125910E}"
EndProject
Project("{FAE04EC0-301F-11D3-BF4B-00C04F79EFBC}") = "Zu1779.AGE.TestServerConsoleApp", "Zu1779.AGE.TestServerConsoleApp\Zu1779.AGE.TestServerConsoleApp.csproj", "{FECA446C-430E-4D5B-8EAA-407E395D3133}"
EndProject
Project("{2150E333-8FDC-42A3-9474-1A3956D46DE8}") = "Client", "Client", "{7B4DD188-5A80-4F85-9584-20AC4DC33FF3}"
EndProject
Project("{FAE04EC0-301F-11D3-BF4B-00C04F79EFBC}") = "Zu1779.AGE.MainEngine", "Zu1779.AGE.MainEngine\Zu1779.AGE.MainEngine.csproj", "{8C512A60-62AC-454B-9A45-1C131678160F}"
EndProject
Project("{2150E333-8FDC-42A3-9474-1A3956D46DE8}") = "Environment", "Environment", "{8BD8223D-AE69-4342-8A50-6B0EBB148DB5}"
EndProject
Project("{2150E333-8FDC-42A3-9474-1A3956D46DE8}") = "Agent", "Agent", "{507BB72D-5B96-4FAF-A0D4-D59D740490A3}"
EndProject
Project("{FAE04EC0-301F-11D3-BF4B-00C04F79EFBC}") = "Zu1779.AGE.Env.TestEnv", "Zu1779.AGE.Environment.TestEnvironment\Zu1779.AGE.Env.TestEnv.csproj", "{EC7D72BC-43CA-4B3D-AC3D-60A646E0433B}"
EndProject
Project("{FAE04EC0-301F-11D3-BF4B-00C04F79EFBC}") = "Zu1779.AGE.Agent.TestAgent", "Zu1779.AGE.Agent.TestAgent\Zu1779.AGE.Agent.TestAgent.csproj", "{F6064721-F77A-4B90-B4B9-045F91DF36F7}"
EndProject
Project("{FAE04EC0-301F-11D3-BF4B-00C04F79EFBC}") = "Zu1779.AGE.Contract", "Zu1779.AGE.Contract\Zu1779.AGE.Contract.csproj", "{FA962A42-CBE0-4C11-AD37-3D06EF044BDB}"
EndProject
Project("{FAE04EC0-301F-11D3-BF4B-00C04F79EFBC}") = "Zu1779.AGE.Env.TestEnv.Contract", "Zu1779.AGE.Env.TestEnv.Contract\Zu1779.AGE.Env.TestEnv.Contract.csproj", "{261768B6-0FA9-4B82-B81A-0D5501F7008B}"
EndProject
Project("{2150E333-8FDC-42A3-9474-1A3956D46DE8}") = "CardGame", "CardGame", "{4EC9C1E6-C6D5-4A8D-8FA9-FED505965750}"
EndProject
Project("{FAE04EC0-301F-11D3-BF4B-00C04F79EFBC}") = "Zu1779.AGE.Env.CardGameEnv", "Zu1779.AGE.Env.CardGameEnv\Zu1779.AGE.Env.CardGameEnv.csproj", "{BBC35B95-7F13-463B-9D62-58EF503A92C0}"
EndProject
Project("{FAE04EC0-301F-11D3-BF4B-00C04F79EFBC}") = "Zu1779.AGE.Env.CardGameEnv.Contract", "Zu1779.AGE.Env.CardGameEnv.Contract\Zu1779.AGE.Env.CardGameEnv.Contract.csproj", "{C2D90B10-225C-4428-B45E-73BFDE761A3D}"
EndProject
Project("{FAE04EC0-301F-11D3-BF4B-00C04F79EFBC}") = "Zu1779.AGE.Agent.CardGameAgent", "Zu1779.AGE.Agent.CardGameAgent\Zu1779.AGE.Agent.CardGameAgent.csproj", "{3954943F-D7E1-4213-A9A0-3384EB4101B6}"
EndProject
Global
	GlobalSection(SolutionConfigurationPlatforms) = preSolution
		Debug|Any CPU = Debug|Any CPU
		Release|Any CPU = Release|Any CPU
	EndGlobalSection
	GlobalSection(ProjectConfigurationPlatforms) = postSolution
		{F5AC0F98-FE2F-41D1-AC97-C4F748405BC2}.Debug|Any CPU.ActiveCfg = Debug|Any CPU
		{F5AC0F98-FE2F-41D1-AC97-C4F748405BC2}.Debug|Any CPU.Build.0 = Debug|Any CPU
		{F5AC0F98-FE2F-41D1-AC97-C4F748405BC2}.Release|Any CPU.ActiveCfg = Release|Any CPU
		{F5AC0F98-FE2F-41D1-AC97-C4F748405BC2}.Release|Any CPU.Build.0 = Release|Any CPU
		{6BFAA397-01BB-4CFB-819C-D32A6125910E}.Debug|Any CPU.ActiveCfg = Debug|Any CPU
		{6BFAA397-01BB-4CFB-819C-D32A6125910E}.Debug|Any CPU.Build.0 = Debug|Any CPU
		{6BFAA397-01BB-4CFB-819C-D32A6125910E}.Release|Any CPU.ActiveCfg = Release|Any CPU
		{6BFAA397-01BB-4CFB-819C-D32A6125910E}.Release|Any CPU.Build.0 = Release|Any CPU
		{FECA446C-430E-4D5B-8EAA-407E395D3133}.Debug|Any CPU.ActiveCfg = Debug|Any CPU
		{FECA446C-430E-4D5B-8EAA-407E395D3133}.Debug|Any CPU.Build.0 = Debug|Any CPU
		{FECA446C-430E-4D5B-8EAA-407E395D3133}.Release|Any CPU.ActiveCfg = Release|Any CPU
		{FECA446C-430E-4D5B-8EAA-407E395D3133}.Release|Any CPU.Build.0 = Release|Any CPU
		{8C512A60-62AC-454B-9A45-1C131678160F}.Debug|Any CPU.ActiveCfg = Debug|Any CPU
		{8C512A60-62AC-454B-9A45-1C131678160F}.Debug|Any CPU.Build.0 = Debug|Any CPU
		{8C512A60-62AC-454B-9A45-1C131678160F}.Release|Any CPU.ActiveCfg = Release|Any CPU
		{8C512A60-62AC-454B-9A45-1C131678160F}.Release|Any CPU.Build.0 = Release|Any CPU
		{EC7D72BC-43CA-4B3D-AC3D-60A646E0433B}.Debug|Any CPU.ActiveCfg = Debug|Any CPU
		{EC7D72BC-43CA-4B3D-AC3D-60A646E0433B}.Debug|Any CPU.Build.0 = Debug|Any CPU
		{EC7D72BC-43CA-4B3D-AC3D-60A646E0433B}.Release|Any CPU.ActiveCfg = Release|Any CPU
		{EC7D72BC-43CA-4B3D-AC3D-60A646E0433B}.Release|Any CPU.Build.0 = Release|Any CPU
		{F6064721-F77A-4B90-B4B9-045F91DF36F7}.Debug|Any CPU.ActiveCfg = Debug|Any CPU
		{F6064721-F77A-4B90-B4B9-045F91DF36F7}.Debug|Any CPU.Build.0 = Debug|Any CPU
		{F6064721-F77A-4B90-B4B9-045F91DF36F7}.Release|Any CPU.ActiveCfg = Release|Any CPU
		{F6064721-F77A-4B90-B4B9-045F91DF36F7}.Release|Any CPU.Build.0 = Release|Any CPU
		{FA962A42-CBE0-4C11-AD37-3D06EF044BDB}.Debug|Any CPU.ActiveCfg = Debug|Any CPU
		{FA962A42-CBE0-4C11-AD37-3D06EF044BDB}.Debug|Any CPU.Build.0 = Debug|Any CPU
		{FA962A42-CBE0-4C11-AD37-3D06EF044BDB}.Release|Any CPU.ActiveCfg = Release|Any CPU
		{FA962A42-CBE0-4C11-AD37-3D06EF044BDB}.Release|Any CPU.Build.0 = Release|Any CPU
		{261768B6-0FA9-4B82-B81A-0D5501F7008B}.Debug|Any CPU.ActiveCfg = Debug|Any CPU
		{261768B6-0FA9-4B82-B81A-0D5501F7008B}.Debug|Any CPU.Build.0 = Debug|Any CPU
		{261768B6-0FA9-4B82-B81A-0D5501F7008B}.Release|Any CPU.ActiveCfg = Release|Any CPU
		{261768B6-0FA9-4B82-B81A-0D5501F7008B}.Release|Any CPU.Build.0 = Release|Any CPU
		{BBC35B95-7F13-463B-9D62-58EF503A92C0}.Debug|Any CPU.ActiveCfg = Debug|Any CPU
		{BBC35B95-7F13-463B-9D62-58EF503A92C0}.Debug|Any CPU.Build.0 = Debug|Any CPU
		{BBC35B95-7F13-463B-9D62-58EF503A92C0}.Release|Any CPU.ActiveCfg = Release|Any CPU
		{BBC35B95-7F13-463B-9D62-58EF503A92C0}.Release|Any CPU.Build.0 = Release|Any CPU
		{C2D90B10-225C-4428-B45E-73BFDE761A3D}.Debug|Any CPU.ActiveCfg = Debug|Any CPU
		{C2D90B10-225C-4428-B45E-73BFDE761A3D}.Debug|Any CPU.Build.0 = Debug|Any CPU
		{C2D90B10-225C-4428-B45E-73BFDE761A3D}.Release|Any CPU.ActiveCfg = Release|Any CPU
		{C2D90B10-225C-4428-B45E-73BFDE761A3D}.Release|Any CPU.Build.0 = Release|Any CPU
		{3954943F-D7E1-4213-A9A0-3384EB4101B6}.Debug|Any CPU.ActiveCfg = Debug|Any CPU
		{3954943F-D7E1-4213-A9A0-3384EB4101B6}.Debug|Any CPU.Build.0 = Debug|Any CPU
		{3954943F-D7E1-4213-A9A0-3384EB4101B6}.Release|Any CPU.ActiveCfg = Release|Any CPU
		{3954943F-D7E1-4213-A9A0-3384EB4101B6}.Release|Any CPU.Build.0 = Release|Any CPU
	EndGlobalSection
	GlobalSection(SolutionProperties) = preSolution
		HideSolutionNode = FALSE
	EndGlobalSection
	GlobalSection(NestedProjects) = preSolution
		{F5AC0F98-FE2F-41D1-AC97-C4F748405BC2} = {96EF4836-ED69-449F-892C-7F7BD2110F97}
		{6BFAA397-01BB-4CFB-819C-D32A6125910E} = {96EF4836-ED69-449F-892C-7F7BD2110F97}
		{FECA446C-430E-4D5B-8EAA-407E395D3133} = {96EF4836-ED69-449F-892C-7F7BD2110F97}
		{8C512A60-62AC-454B-9A45-1C131678160F} = {96EF4836-ED69-449F-892C-7F7BD2110F97}
		{EC7D72BC-43CA-4B3D-AC3D-60A646E0433B} = {8BD8223D-AE69-4342-8A50-6B0EBB148DB5}
		{F6064721-F77A-4B90-B4B9-045F91DF36F7} = {507BB72D-5B96-4FAF-A0D4-D59D740490A3}
		{FA962A42-CBE0-4C11-AD37-3D06EF044BDB} = {8BD8223D-AE69-4342-8A50-6B0EBB148DB5}
		{261768B6-0FA9-4B82-B81A-0D5501F7008B} = {8BD8223D-AE69-4342-8A50-6B0EBB148DB5}
		{4EC9C1E6-C6D5-4A8D-8FA9-FED505965750} = {8BD8223D-AE69-4342-8A50-6B0EBB148DB5}
		{BBC35B95-7F13-463B-9D62-58EF503A92C0} = {4EC9C1E6-C6D5-4A8D-8FA9-FED505965750}
		{C2D90B10-225C-4428-B45E-73BFDE761A3D} = {4EC9C1E6-C6D5-4A8D-8FA9-FED505965750}
		{3954943F-D7E1-4213-A9A0-3384EB4101B6} = {507BB72D-5B96-4FAF-A0D4-D59D740490A3}
	EndGlobalSection
	GlobalSection(ExtensibilityGlobals) = postSolution
		SolutionGuid = {A8F31017-3F06-40D6-A3B9-A784AD546E9B}
	EndGlobalSection
EndGlobal
